PODS:
  - Capacitor (8.3.1):
    - CapacitorCordova
  - CapacitorActionSheet (8.1.1):
    - Capacitor
  - CapacitorApp (8.1.0):
    - Capacitor
  - CapacitorBarcodeScanner (3.0.2):
    - Capacitor
    - OSBarcodeLib (= 2.0.1)
  - CapacitorBrowser (8.0.3):
    - Capacitor
  - CapacitorCamera (8.2.0):
    - Capacitor
    - IONCameraLib (~> 1.0.4)
  - CapacitorClipboard (8.0.1):
    - Capacitor
  - CapacitorCommunityAppleSignIn (7.1.0):
    - Capacitor
  - CapacitorCommunityBluetoothLe (8.2.0):
    - Capacitor
  - CapacitorCommunityCameraPreview (8.0.1):
    - Capacitor
  - CapacitorCommunityKeepAwake (8.0.1):
    - Capacitor
  - CapacitorCordova (8.3.1)
  - CapacitorDevice (8.0.2):
    - Capacitor
  - CapacitorDialog (8.0.1):
    - Capacitor
  - CapacitorFilesystem (8.1.2):
    - Capacitor
    - IONFilesystemLib (~> 1.1.1)
  - CapacitorFileViewer (2.0.1):
    - Capacitor
    - IONFileViewerLib (~> 1.0.3)
  - CapacitorGeolocation (8.2.0):
    - Capacitor
    - IONGeolocationLib (= 2.1.0)
  - CapacitorHaptics (8.0.2):
    - Capacitor
  - CapacitorInappbrowser (4.0.0):
    - Capacitor
    - OSInAppBrowserLib (~> 2.3.2)
  - CapacitorKeyboard (8.0.3):
    - Capacitor
  - CapacitorLocalNotifications (8.2.0):
    - Capacitor
  - CapacitorNetwork (8.0.1):
    - Capacitor
  - CapacitorPreferences (8.0.1):
    - Capacitor
  - CapacitorScreenOrientation (8.0.1):
    - Capacitor
  - CapacitorScreenReader (8.0.1):
    - Capacitor
  - CapacitorShare (8.0.1):
    - Capacitor
  - CapacitorSplashScreen (8.0.1):
    - Capacitor
  - CapacitorStatusBar (8.0.2):
    - Capacitor
  - CapacitorTextZoom (8.0.1):
    - Capacitor
  - CapacitorToast (8.0.1):
    - Capacitor
  - CapawesomeCapacitorFilePicker (8.0.2):
    - Capacitor
  - CordovaPlugins (8.3.1):
    - CapacitorCordova
  - CordovaPluginsResources (0.0.105)
  - IONCameraLib (1.0.4)
  - IONFilesystemLib (1.1.2)
  - IONFileViewerLib (1.0.3)
  - IONGeolocationLib (2.1.0)
  - OSBarcodeLib (2.0.1)
  - OSInAppBrowserLib (2.3.2)
  - Sentry/HybridSDK (8.56.2)
  - SentryCapacitor (2.4.1):
    - Capacitor
    - Sentry/HybridSDK (= 8.56.2)

DEPENDENCIES:
  - "Capacitor (from `../../node_modules/@capacitor/ios`)"
  - "CapacitorActionSheet (from `../../node_modules/@capacitor/action-sheet`)"
  - "CapacitorApp (from `../../node_modules/@capacitor/app`)"
  - "CapacitorBarcodeScanner (from `../../node_modules/@capacitor/barcode-scanner`)"
  - "CapacitorBrowser (from `../../node_modules/@capacitor/browser`)"
  - "CapacitorCamera (from `../../node_modules/@capacitor/camera`)"
  - "CapacitorClipboard (from `../../node_modules/@capacitor/clipboard`)"
  - "CapacitorCommunityAppleSignIn (from `../../node_modules/@capacitor-community/apple-sign-in`)"
  - "CapacitorCommunityBluetoothLe (from `../../node_modules/@capacitor-community/bluetooth-le`)"
  - "CapacitorCommunityCameraPreview (from `../../node_modules/@capacitor-community/camera-preview`)"
  - "CapacitorCommunityKeepAwake (from `../../node_modules/@capacitor-community/keep-awake`)"
  - "CapacitorCordova (from `../../node_modules/@capacitor/ios`)"
  - "CapacitorDevice (from `../../node_modules/@capacitor/device`)"
  - "CapacitorDialog (from `../../node_modules/@capacitor/dialog`)"
  - "CapacitorFilesystem (from `../../node_modules/@capacitor/filesystem`)"
  - "CapacitorFileViewer (from `../../node_modules/@capacitor/file-viewer`)"
  - "CapacitorGeolocation (from `../../node_modules/@capacitor/geolocation`)"
  - "CapacitorHaptics (from `../../node_modules/@capacitor/haptics`)"
  - "CapacitorInappbrowser (from `../../node_modules/@capacitor/inappbrowser`)"
  - "CapacitorKeyboard (from `../../node_modules/@capacitor/keyboard`)"
  - "CapacitorLocalNotifications (from `../../node_modules/@capacitor/local-notifications`)"
  - "CapacitorNetwork (from `../../node_modules/@capacitor/network`)"
  - "CapacitorPreferences (from `../../node_modules/@capacitor/preferences`)"
  - "CapacitorScreenOrientation (from `../../node_modules/@capacitor/screen-orientation`)"
  - "CapacitorScreenReader (from `../../node_modules/@capacitor/screen-reader`)"
  - "CapacitorShare (from `../../node_modules/@capacitor/share`)"
  - "CapacitorSplashScreen (from `../../node_modules/@capacitor/splash-screen`)"
  - "CapacitorStatusBar (from `../../node_modules/@capacitor/status-bar`)"
  - "CapacitorTextZoom (from `../../node_modules/@capacitor/text-zoom`)"
  - "CapacitorToast (from `../../node_modules/@capacitor/toast`)"
  - "CapawesomeCapacitorFilePicker (from `../../node_modules/@capawesome/capacitor-file-picker`)"
  - CordovaPlugins (from `../capacitor-cordova-ios-plugins`)
  - CordovaPluginsResources (from `../capacitor-cordova-ios-plugins`)
  - "SentryCapacitor (from `../../node_modules/@sentry/capacitor`)"

SPEC REPOS:
  trunk:
    - IONCameraLib
    - IONFilesystemLib
    - IONFileViewerLib
    - IONGeolocationLib
    - OSBarcodeLib
    - OSInAppBrowserLib
    - Sentry

EXTERNAL SOURCES:
  Capacitor:
    :path: "../../node_modules/@capacitor/ios"
  CapacitorActionSheet:
    :path: "../../node_modules/@capacitor/action-sheet"
  CapacitorApp:
    :path: "../../node_modules/@capacitor/app"
  CapacitorBarcodeScanner:
    :path: "../../node_modules/@capacitor/barcode-scanner"
  CapacitorBrowser:
    :path: "../../node_modules/@capacitor/browser"
  CapacitorCamera:
    :path: "../../node_modules/@capacitor/camera"
  CapacitorClipboard:
    :path: "../../node_modules/@capacitor/clipboard"
  CapacitorCommunityAppleSignIn:
    :path: "../../node_modules/@capacitor-community/apple-sign-in"
  CapacitorCommunityBluetoothLe:
    :path: "../../node_modules/@capacitor-community/bluetooth-le"
  CapacitorCommunityCameraPreview:
    :path: "../../node_modules/@capacitor-community/camera-preview"
  CapacitorCommunityKeepAwake:
    :path: "../../node_modules/@capacitor-community/keep-awake"
  CapacitorCordova:
    :path: "../../node_modules/@capacitor/ios"
  CapacitorDevice:
    :path: "../../node_modules/@capacitor/device"
  CapacitorDialog:
    :path: "../../node_modules/@capacitor/dialog"
  CapacitorFilesystem:
    :path: "../../node_modules/@capacitor/filesystem"
  CapacitorFileViewer:
    :path: "../../node_modules/@capacitor/file-viewer"
  CapacitorGeolocation:
    :path: "../../node_modules/@capacitor/geolocation"
  CapacitorHaptics:
    :path: "../../node_modules/@capacitor/haptics"
  CapacitorInappbrowser:
    :path: "../../node_modules/@capacitor/inappbrowser"
  CapacitorKeyboard:
    :path: "../../node_modules/@capacitor/keyboard"
  CapacitorLocalNotifications:
    :path: "../../node_modules/@capacitor/local-notifications"
  CapacitorNetwork:
    :path: "../../node_modules/@capacitor/network"
  CapacitorPreferences:
    :path: "../../node_modules/@capacitor/preferences"
  CapacitorScreenOrientation:
    :path: "../../node_modules/@capacitor/screen-orientation"
  CapacitorScreenReader:
    :path: "../../node_modules/@capacitor/screen-reader"
  CapacitorShare:
    :path: "../../node_modules/@capacitor/share"
  CapacitorSplashScreen:
    :path: "../../node_modules/@capacitor/splash-screen"
  CapacitorStatusBar:
    :path: "../../node_modules/@capacitor/status-bar"
  CapacitorTextZoom:
    :path: "../../node_modules/@capacitor/text-zoom"
  CapacitorToast:
    :path: "../../node_modules/@capacitor/toast"
  CapawesomeCapacitorFilePicker:
    :path: "../../node_modules/@capawesome/capacitor-file-picker"
  CordovaPlugins:
    :path: "../capacitor-cordova-ios-plugins"
  CordovaPluginsResources:
    :path: "../capacitor-cordova-ios-plugins"
  SentryCapacitor:
    :path: "../../node_modules/@sentry/capacitor"

SPEC CHECKSUMS:
  Capacitor: 46dbaa89c1d1cd121b9fc2dc839c1f39cc49e326
  CapacitorActionSheet: c3394c32eb29990e73e9c6c5677e3b31eb46ad3f
  CapacitorApp: 449ffe26375e96f8aaaee625ac6e01e5c57c8650
  CapacitorBarcodeScanner: 421aa419ac63eeb18c7cb94ce280fa22d34e8b0b
  CapacitorBrowser: c987c73d09d8bd3b5ec13f06338b1e14d5d2be69
  CapacitorCamera: 8f6acf83664118321111e76acef86390211ccb08
  CapacitorClipboard: c75fdaa6e622111119f35e7914ecfc67b05efecb
  CapacitorCommunityAppleSignIn: 271cb2860576fd2961508bbfa7a82117d93eadca
  CapacitorCommunityBluetoothLe: 8c17283f1837af41fc739110daab518c694674c8
  CapacitorCommunityCameraPreview: 38b73c0135eae2c8bc7652745b3820b035737313
  CapacitorCommunityKeepAwake: d41922812644562e94a79acaf7f41e6d9413af8c
  CapacitorCordova: 9010447fe25e869705fcf525e5f490facde87608
  CapacitorDevice: 14cba6f88d1c3074cbf825fea977c8c526453ff8
  CapacitorDialog: 854c5dac405081cae697c177ca43bcaa95ae67bf
  CapacitorFilesystem: 2db285a1ac6e475cc27cae2e1bea999000f9e2be
  CapacitorFileViewer: 29c87294cf8741a469dfd8979d1a0187fec54b58
  CapacitorGeolocation: b36f6287bfc9f2eefa04dc900496f2c8ae666136
  CapacitorHaptics: 296f771ecd89c7a1bd92a7b6826a7d268e2e70f5
  CapacitorInappbrowser: 9e37b866ab024807900024c38a7d6f3eeed514b0
  CapacitorKeyboard: 31c8285d92c9d1410071d52449f16d2c6673b6f4
  CapacitorLocalNotifications: 2615aa008f608b95d3921a778ee1988abf1e6148
  CapacitorNetwork: 8812ce60d11fb63d8f2e4ba51a49b2e59892ebe2
  CapacitorPreferences: cca2021f386efb75947c850334447d9ff22b14f1
  CapacitorScreenOrientation: 6c3c84223ea1dd44aaa7184e2b416dd1192270d0
  CapacitorScreenReader: 48e053fe6ecb0ecf5596d7e5b7e41951ab5e30b3
  CapacitorShare: 0c58305114538568059bfc07111f22dcb9cb2a82
  CapacitorSplashScreen: 4b46c72298db552b3c57ce021ef028b6dc7f1fa7
  CapacitorStatusBar: 01d5763b4ed720de5ce2edbc938de6a98f4c8f32
  CapacitorTextZoom: b3c80b09abef831245bc3434b1c03aa898ad4762
  CapacitorToast: 408036fbd702120d3adde3980b740f3c0fb60c9e
  CapawesomeCapacitorFilePicker: eb29fb54c59614fede51e0e0fe25070dda9d024c
  CordovaPlugins: 2ccec11c4b72a73b52edd33f7e9db2067ea2a73d
  CordovaPluginsResources: da93847212bf7b16ba770e4d6c3e7dba820174c7
  IONCameraLib: f2349804460bd9e3f892e42109b8d996ab3fa19d
  IONFilesystemLib: 21a63377696b2d8fab5632ecfb7d2ac67bddb68a
  IONFileViewerLib: 574758ebcaa4b1543669b1c9708f1970e1172b29
  IONGeolocationLib: 6a7b6f76063fb1b01cfb14fae7d0f526e3c9b271
  OSBarcodeLib: 57987d2eb1f916f701f4554e20e349b3cb83f023
  OSInAppBrowserLib: c21c8fa3d886654d2f553b9f1bded9d27a0530c7
  Sentry: b53951377b78e21a734f5dc8318e333dbfc682d7
  SentryCapacitor: 84549a1440a7f58a336ed3175db0f067d571cd5b

PODFILE CHECKSUM: 113aa0bca9d8e4dabdc51c0143b3daadd4461924

COCOAPODS: 1.16.2
